
Microsoft Visual Studio Solution File, Format Version 12.00
# Visual Studio Version 17
VisualStudioVersion = 17.0.31912.275
MinimumVisualStudioVersion = 10.0.40219.1
Project("{9A19103F-16F7-4668-BE54-9A1E7A4F7556}") = "OsuFileIO_CLI", "OsuFileIO_CLI\OsuFileIO_CLI.csproj", "{C7F7D2EA-652C-4847-96FF-3B9C6951D8BF}"
EndProject
Project("{9A19103F-16F7-4668-BE54-9A1E7A4F7556}") = "OsuFileIO", ".modules\OsuFileIO\OsuFileIO\OsuFileIO.csproj", "{944AEF9C-AC07-481C-A8E4-2D9BB5B628BB}"
EndProject
Project("{9A19103F-16F7-4668-BE54-9A1E7A4F7556}") = "OsuFileIO.Analyzer", ".modules\OsuFileIO\OsuFileIO.Analyzer\OsuFileIO.Analyzer.csproj", "{3C544CFF-1EDC-4D99-A5C6-CBD4812AADED}"
EndProject
Global
	GlobalSection(SolutionConfigurationPlatforms) = preSolution
		Debug|Any CPU = Debug|Any CPU
		Release|Any CPU = Release|Any CPU
	EndGlobalSection
	GlobalSection(ProjectConfigurationPlatforms) = postSolution
		{C7F7D2EA-652C-4847-96FF-3B9C6951D8BF}.Debug|Any CPU.ActiveCfg = Debug|Any CPU
		{C7F7D2EA-652C-4847-96FF-3B9C6951D8BF}.Debug|Any CPU.Build.0 = Debug|Any CPU
		{C7F7D2EA-652C-4847-96FF-3B9C6951D8BF}.Release|Any CPU.ActiveCfg = Release|Any CPU
		{C7F7D2EA-652C-4847-96FF-3B9C6951D8BF}.Release|Any CPU.Build.0 = Release|Any CPU
		{944AEF9C-AC07-481C-A8E4-2D9BB5B628BB}.Debug|Any CPU.ActiveCfg = Debug|Any CPU
		{944AEF9C-AC07-481C-A8E4-2D9BB5B628BB}.Debug|Any CPU.Build.0 = Debug|Any CPU
		{944AEF9C-AC07-481C-A8E4-2D9BB5B628BB}.Release|Any CPU.ActiveCfg = Release|Any CPU
		{944AEF9C-AC07-481C-A8E4-2D9BB5B628BB}.Release|Any CPU.Build.0 = Release|Any CPU
		{3C544CFF-1EDC-4D99-A5C6-CBD4812AADED}.Debug|Any CPU.ActiveCfg = Debug|Any CPU
		{3C544CFF-1EDC-4D99-A5C6-CBD4812AADED}.Debug|Any CPU.Build.0 = Debug|Any CPU
		{3C544CFF-1EDC-4D99-A5C6-CBD4812AADED}.Release|Any CPU.ActiveCfg = Release|Any CPU
		{3C544CFF-1EDC-4D99-A5C6-CBD4812AADED}.Release|Any CPU.Build.0 = Release|Any CPU
	EndGlobalSection
	GlobalSection(SolutionProperties) = preSolution
		HideSolutionNode = FALSE
	EndGlobalSection
	GlobalSection(ExtensibilityGlobals) = postSolution
		SolutionGuid = {CA44C743-25FE-4A2E-A549-C6113DB1DF30}
	EndGlobalSection
EndGlobal
